
Microsoft Visual Studio Solution File, Format Version 12.00
# Visual Studio Version 16
VisualStudioVersion = 16.0.31205.134
MinimumVisualStudioVersion = 10.0.40219.1
Project("{FAE04EC0-301F-11D3-BF4B-00C04F79EFBC}") = "Cambios", "Cambios\Cambios.csproj", "{32E0906E-19A7-4B66-A684-EA80ABB76AAC}"
EndProject
Global
	GlobalSection(SolutionConfigurationPlatforms) = preSolution
		Debug|Any CPU = Debug|Any CPU
		Release|Any CPU = Release|Any CPU
	EndGlobalSection
	GlobalSection(ProjectConfigurationPlatforms) = postSolution
		{32E0906E-19A7-4B66-A684-EA80ABB76AAC}.Debug|Any CPU.ActiveCfg = Debug|Any CPU
		{32E0906E-19A7-4B66-A684-EA80ABB76AAC}.Debug|Any CPU.Build.0 = Debug|Any CPU
		{32E0906E-19A7-4B66-A684-EA80ABB76AAC}.Release|Any CPU.ActiveCfg = Release|Any CPU
		{32E0906E-19A7-4B66-A684-EA80ABB76AAC}.Release|Any CPU.Build.0 = Release|Any CPU
	EndGlobalSection
	GlobalSection(SolutionProperties) = preSolution
		HideSolutionNode = FALSE
	EndGlobalSection
	GlobalSection(ExtensibilityGlobals) = postSolution
		SolutionGuid = {4412572E-C875-4661-8B83-546D732AB745}
	EndGlobalSection
EndGlobal
